
Microsoft Visual Studio Solution File, Format Version 12.00
# Visual Studio Version 16
VisualStudioVersion = 16.0.30804.86
MinimumVisualStudioVersion = 10.0.40219.1
Project("{FAE04EC0-301F-11D3-BF4B-00C04F79EFBC}") = "ClassMetotDemo1", "ClassMetotDemo1\ClassMetotDemo1.csproj", "{37C231EC-BF91-4D91-85E4-58BD1FF5E7CA}"
EndProject
Global
	GlobalSection(SolutionConfigurationPlatforms) = preSolution
		Debug|Any CPU = Debug|Any CPU
		Release|Any CPU = Release|Any CPU
	EndGlobalSection
	GlobalSection(ProjectConfigurationPlatforms) = postSolution
		{37C231EC-BF91-4D91-85E4-58BD1FF5E7CA}.Debug|Any CPU.ActiveCfg = Debug|Any CPU
		{37C231EC-BF91-4D91-85E4-58BD1FF5E7CA}.Debug|Any CPU.Build.0 = Debug|Any CPU
		{37C231EC-BF91-4D91-85E4-58BD1FF5E7CA}.Release|Any CPU.ActiveCfg = Release|Any CPU
		{37C231EC-BF91-4D91-85E4-58BD1FF5E7CA}.Release|Any CPU.Build.0 = Release|Any CPU
	EndGlobalSection
	GlobalSection(SolutionProperties) = preSolution
		HideSolutionNode = FALSE
	EndGlobalSection
	GlobalSection(ExtensibilityGlobals) = postSolution
		SolutionGuid = {202A2FAC-DF03-41EE-8946-B888CC05D66D}
	EndGlobalSection
EndGlobal
